
Microsoft Visual Studio Solution File, Format Version 12.00
# Visual Studio 15
Project("{FAE04EC0-301F-11D3-BF4B-00C04F79EFBC}") = "02UnderstandingTypes", "02UnderstandingTypes\02UnderstandingTypes.csproj", "{C8E2C044-46AE-4117-B7C9-208CA554C5DE}"
EndProject
Global
	GlobalSection(SolutionConfigurationPlatforms) = preSolution
		Debug|anycpu = Debug|anycpu
		Release|anycpu = Release|anycpu
	EndGlobalSection
	GlobalSection(ProjectConfigurationPlatforms) = postSolution
		{C8E2C044-46AE-4117-B7C9-208CA554C5DE}.Debug|anycpu.ActiveCfg = Debug|anycpu
		{C8E2C044-46AE-4117-B7C9-208CA554C5DE}.Debug|anycpu.Build.0 = Debug|anycpu
		{C8E2C044-46AE-4117-B7C9-208CA554C5DE}.Release|anycpu.ActiveCfg = Release|anycpu
		{C8E2C044-46AE-4117-B7C9-208CA554C5DE}.Release|anycpu.Build.0 = Release|anycpu
	EndGlobalSection
EndGlobal
